
Microsoft Visual Studio Solution File, Format Version 12.00
# Visual Studio Version 17
VisualStudioVersion = 17.0.32014.148
MinimumVisualStudioVersion = 10.0.40219.1
Project("{FAE04EC0-301F-11D3-BF4B-00C04F79EFBC}") = "Tetris", "Tetris.csproj", "{D91AABEC-A61D-469A-8C1B-B00FC2951939}"
EndProject
Project("{FAE04EC0-301F-11D3-BF4B-00C04F79EFBC}") = "Collections", "..\Collections\Collections.csproj", "{BE2E76FE-4B8F-477F-8676-D972548300B8}"
EndProject
Project("{FAE04EC0-301F-11D3-BF4B-00C04F79EFBC}") = "Enums", "..\Enums\Enums.csproj", "{845B91D0-3937-4AC0-AEF9-A30120AB8DB4}"
EndProject
Global
	GlobalSection(SolutionConfigurationPlatforms) = preSolution
		Debug|Any CPU = Debug|Any CPU
		Release|Any CPU = Release|Any CPU
	EndGlobalSection
	GlobalSection(ProjectConfigurationPlatforms) = postSolution
		{D91AABEC-A61D-469A-8C1B-B00FC2951939}.Debug|Any CPU.ActiveCfg = Debug|Any CPU
		{D91AABEC-A61D-469A-8C1B-B00FC2951939}.Debug|Any CPU.Build.0 = Debug|Any CPU
		{D91AABEC-A61D-469A-8C1B-B00FC2951939}.Release|Any CPU.ActiveCfg = Release|Any CPU
		{D91AABEC-A61D-469A-8C1B-B00FC2951939}.Release|Any CPU.Build.0 = Release|Any CPU
		{BE2E76FE-4B8F-477F-8676-D972548300B8}.Debug|Any CPU.ActiveCfg = Debug|Any CPU
		{BE2E76FE-4B8F-477F-8676-D972548300B8}.Debug|Any CPU.Build.0 = Debug|Any CPU
		{BE2E76FE-4B8F-477F-8676-D972548300B8}.Release|Any CPU.ActiveCfg = Release|Any CPU
		{BE2E76FE-4B8F-477F-8676-D972548300B8}.Release|Any CPU.Build.0 = Release|Any CPU
		{845B91D0-3937-4AC0-AEF9-A30120AB8DB4}.Debug|Any CPU.ActiveCfg = Debug|Any CPU
		{845B91D0-3937-4AC0-AEF9-A30120AB8DB4}.Debug|Any CPU.Build.0 = Debug|Any CPU
		{845B91D0-3937-4AC0-AEF9-A30120AB8DB4}.Release|Any CPU.ActiveCfg = Release|Any CPU
		{845B91D0-3937-4AC0-AEF9-A30120AB8DB4}.Release|Any CPU.Build.0 = Release|Any CPU
	EndGlobalSection
	GlobalSection(SolutionProperties) = preSolution
		HideSolutionNode = FALSE
	EndGlobalSection
	GlobalSection(ExtensibilityGlobals) = postSolution
		SolutionGuid = {08C23FC6-2171-44F1-81B6-C3A2243D5AA1}
	EndGlobalSection
EndGlobal
